
Microsoft Visual Studio Solution File, Format Version 12.00
# Visual Studio Version 17
VisualStudioVersion = 17.6.33829.357
MinimumVisualStudioVersion = 10.0.40219.1
Project("{2150E333-8FDC-42A3-9474-1A3956D46DE8}") = "4 - Domain", "4 - Domain", "{434BFD8C-C6D7-4B63-973D-5CBDADB758C8}"
EndProject
Project("{2150E333-8FDC-42A3-9474-1A3956D46DE8}") = "3 - Data", "3 - Data", "{CF1E960F-79D1-4BED-B85E-A5CC605A6F10}"
EndProject
Project("{2150E333-8FDC-42A3-9474-1A3956D46DE8}") = "2 - Service", "2 - Service", "{00BD0A9D-9D43-4002-AEC5-0A549EE75783}"
EndProject
Project("{2150E333-8FDC-42A3-9474-1A3956D46DE8}") = "Src", "Src", "{7726E2B3-F396-40C0-8F8D-FFFC547E259F}"
EndProject
Project("{2150E333-8FDC-42A3-9474-1A3956D46DE8}") = "Test", "Test", "{88F876BA-A009-4D4C-922D-CBF663AD2249}"
EndProject
Project("{2150E333-8FDC-42A3-9474-1A3956D46DE8}") = "1 - Application", "1 - Application", "{964BA0AB-0B6B-4B6D-94B7-58EBC1A81233}"
EndProject
Project("{2150E333-8FDC-42A3-9474-1A3956D46DE8}") = "5 -  Shared", "5 -  Shared", "{43812A59-1348-45C3-A832-CD88BF32DE4C}"
EndProject
Project("{2150E333-8FDC-42A3-9474-1A3956D46DE8}") = "1 - Application", "1 - Application", "{CD8E792C-14FA-4293-9E54-9475DD36F6B3}"
EndProject
Project("{2150E333-8FDC-42A3-9474-1A3956D46DE8}") = "2 - Service", "2 - Service", "{5BFB2FF5-6141-461C-9B8A-32A08362ABDB}"
EndProject
Project("{2150E333-8FDC-42A3-9474-1A3956D46DE8}") = "3 - Data", "3 - Data", "{228AD152-3650-40FE-B65A-9978D3D7D9BB}"
EndProject
Project("{2150E333-8FDC-42A3-9474-1A3956D46DE8}") = "4 - Domain", "4 - Domain", "{3F113C39-35C4-439D-B04F-67ADF67CB587}"
EndProject
Project("{2150E333-8FDC-42A3-9474-1A3956D46DE8}") = "5 - Shared", "5 - Shared", "{DBA10D04-2218-4915-AFF0-D1A1829FF479}"
EndProject
Project("{9A19103F-16F7-4668-BE54-9A1E7A4F7556}") = "SimpleArchitecture.Minimal.Api", "SimpleArchitecture.Minimal.Api\SimpleArchitecture.Minimal.Api.csproj", "{71D54783-183B-4DE0-B459-05E6CBB1BE9F}"
EndProject
Project("{9A19103F-16F7-4668-BE54-9A1E7A4F7556}") = "SimpleArchiteture.Service", "SimpleArchiteture.Service\SimpleArchiteture.Service.csproj", "{0E2D6409-4346-471C-8374-C6554F3F0A1C}"
EndProject
Project("{9A19103F-16F7-4668-BE54-9A1E7A4F7556}") = "SimpleArchiteture.Data", "SimpleArchiteture.Data\SimpleArchiteture.Data.csproj", "{153CD635-B8F7-484C-91EA-FCE04D2F95EE}"
EndProject
Project("{9A19103F-16F7-4668-BE54-9A1E7A4F7556}") = "SimpleArchiteture.Domain", "SimpleArchiteture.Domain\SimpleArchiteture.Domain.csproj", "{7CF03967-4F21-4FFD-8C17-0A22539B5046}"
EndProject
Project("{9A19103F-16F7-4668-BE54-9A1E7A4F7556}") = "SimpleArchiteture.Shared", "SimpleArchiteture.Shared\SimpleArchiteture.Shared.csproj", "{2E6BF905-E131-415A-BE58-F80B045E7C9C}"
EndProject
Project("{2150E333-8FDC-42A3-9474-1A3956D46DE8}") = "Solution Items", "Solution Items", "{D7926670-D56E-4365-B677-9D4A6B4D62F8}"
	ProjectSection(SolutionItems) = preProject
		.editorconfig = .editorconfig
	EndProjectSection
EndProject
Global
	GlobalSection(SolutionConfigurationPlatforms) = preSolution
		Debug|Any CPU = Debug|Any CPU
		Release|Any CPU = Release|Any CPU
	EndGlobalSection
	GlobalSection(ProjectConfigurationPlatforms) = postSolution
		{71D54783-183B-4DE0-B459-05E6CBB1BE9F}.Debug|Any CPU.ActiveCfg = Debug|Any CPU
		{71D54783-183B-4DE0-B459-05E6CBB1BE9F}.Debug|Any CPU.Build.0 = Debug|Any CPU
		{71D54783-183B-4DE0-B459-05E6CBB1BE9F}.Release|Any CPU.ActiveCfg = Release|Any CPU
		{71D54783-183B-4DE0-B459-05E6CBB1BE9F}.Release|Any CPU.Build.0 = Release|Any CPU
		{0E2D6409-4346-471C-8374-C6554F3F0A1C}.Debug|Any CPU.ActiveCfg = Debug|Any CPU
		{0E2D6409-4346-471C-8374-C6554F3F0A1C}.Debug|Any CPU.Build.0 = Debug|Any CPU
		{0E2D6409-4346-471C-8374-C6554F3F0A1C}.Release|Any CPU.ActiveCfg = Release|Any CPU
		{0E2D6409-4346-471C-8374-C6554F3F0A1C}.Release|Any CPU.Build.0 = Release|Any CPU
		{153CD635-B8F7-484C-91EA-FCE04D2F95EE}.Debug|Any CPU.ActiveCfg = Debug|Any CPU
		{153CD635-B8F7-484C-91EA-FCE04D2F95EE}.Debug|Any CPU.Build.0 = Debug|Any CPU
		{153CD635-B8F7-484C-91EA-FCE04D2F95EE}.Release|Any CPU.ActiveCfg = Release|Any CPU
		{153CD635-B8F7-484C-91EA-FCE04D2F95EE}.Release|Any CPU.Build.0 = Release|Any CPU
		{7CF03967-4F21-4FFD-8C17-0A22539B5046}.Debug|Any CPU.ActiveCfg = Debug|Any CPU
		{7CF03967-4F21-4FFD-8C17-0A22539B5046}.Debug|Any CPU.Build.0 = Debug|Any CPU
		{7CF03967-4F21-4FFD-8C17-0A22539B5046}.Release|Any CPU.ActiveCfg = Release|Any CPU
		{7CF03967-4F21-4FFD-8C17-0A22539B5046}.Release|Any CPU.Build.0 = Release|Any CPU
		{2E6BF905-E131-415A-BE58-F80B045E7C9C}.Debug|Any CPU.ActiveCfg = Debug|Any CPU
		{2E6BF905-E131-415A-BE58-F80B045E7C9C}.Debug|Any CPU.Build.0 = Debug|Any CPU
		{2E6BF905-E131-415A-BE58-F80B045E7C9C}.Release|Any CPU.ActiveCfg = Release|Any CPU
		{2E6BF905-E131-415A-BE58-F80B045E7C9C}.Release|Any CPU.Build.0 = Release|Any CPU
	EndGlobalSection
	GlobalSection(SolutionProperties) = preSolution
		HideSolutionNode = FALSE
	EndGlobalSection
	GlobalSection(NestedProjects) = preSolution
		{434BFD8C-C6D7-4B63-973D-5CBDADB758C8} = {7726E2B3-F396-40C0-8F8D-FFFC547E259F}
		{CF1E960F-79D1-4BED-B85E-A5CC605A6F10} = {7726E2B3-F396-40C0-8F8D-FFFC547E259F}
		{00BD0A9D-9D43-4002-AEC5-0A549EE75783} = {7726E2B3-F396-40C0-8F8D-FFFC547E259F}
		{964BA0AB-0B6B-4B6D-94B7-58EBC1A81233} = {7726E2B3-F396-40C0-8F8D-FFFC547E259F}
		{43812A59-1348-45C3-A832-CD88BF32DE4C} = {7726E2B3-F396-40C0-8F8D-FFFC547E259F}
		{CD8E792C-14FA-4293-9E54-9475DD36F6B3} = {88F876BA-A009-4D4C-922D-CBF663AD2249}
		{5BFB2FF5-6141-461C-9B8A-32A08362ABDB} = {88F876BA-A009-4D4C-922D-CBF663AD2249}
		{228AD152-3650-40FE-B65A-9978D3D7D9BB} = {88F876BA-A009-4D4C-922D-CBF663AD2249}
		{3F113C39-35C4-439D-B04F-67ADF67CB587} = {88F876BA-A009-4D4C-922D-CBF663AD2249}
		{DBA10D04-2218-4915-AFF0-D1A1829FF479} = {88F876BA-A009-4D4C-922D-CBF663AD2249}
		{71D54783-183B-4DE0-B459-05E6CBB1BE9F} = {964BA0AB-0B6B-4B6D-94B7-58EBC1A81233}
		{0E2D6409-4346-471C-8374-C6554F3F0A1C} = {00BD0A9D-9D43-4002-AEC5-0A549EE75783}
		{153CD635-B8F7-484C-91EA-FCE04D2F95EE} = {CF1E960F-79D1-4BED-B85E-A5CC605A6F10}
		{7CF03967-4F21-4FFD-8C17-0A22539B5046} = {434BFD8C-C6D7-4B63-973D-5CBDADB758C8}
		{2E6BF905-E131-415A-BE58-F80B045E7C9C} = {43812A59-1348-45C3-A832-CD88BF32DE4C}
	EndGlobalSection
	GlobalSection(ExtensibilityGlobals) = postSolution
		SolutionGuid = {0902E4DD-6331-48BA-8644-E62AA5DF27E6}
	EndGlobalSection
EndGlobal
